
Microsoft Visual Studio Solution File, Format Version 12.00
# Visual Studio Version 17
VisualStudioVersion = 17.9.34701.34
MinimumVisualStudioVersion = 10.0.40219.1
Project("{FAE04EC0-301F-11D3-BF4B-00C04F79EFBC}") = "Static, Interface 2-Task", "Static, Interface 2-Task\Static, Interface 2-Task.csproj", "{C15FCEFA-ADA9-4761-900E-3688251C7F8E}"
EndProject
Global
	GlobalSection(SolutionConfigurationPlatforms) = preSolution
		Debug|Any CPU = Debug|Any CPU
		Release|Any CPU = Release|Any CPU
	EndGlobalSection
	GlobalSection(ProjectConfigurationPlatforms) = postSolution
		{C15FCEFA-ADA9-4761-900E-3688251C7F8E}.Debug|Any CPU.ActiveCfg = Debug|Any CPU
		{C15FCEFA-ADA9-4761-900E-3688251C7F8E}.Debug|Any CPU.Build.0 = Debug|Any CPU
		{C15FCEFA-ADA9-4761-900E-3688251C7F8E}.Release|Any CPU.ActiveCfg = Release|Any CPU
		{C15FCEFA-ADA9-4761-900E-3688251C7F8E}.Release|Any CPU.Build.0 = Release|Any CPU
	EndGlobalSection
	GlobalSection(SolutionProperties) = preSolution
		HideSolutionNode = FALSE
	EndGlobalSection
	GlobalSection(ExtensibilityGlobals) = postSolution
		SolutionGuid = {B259CACE-B47B-4347-AE28-47862B2FF386}
	EndGlobalSection
EndGlobal
